// !$*UTF8*$!
{
	archiveVersion = 1;
	classes = {
	};
	objectVersion = 50;
	objects = {

/* Begin PBXBuildFile section */
		3F5ABBBF2446AD8E0064AE6A /* AppDelegate.swift in Sources */ = {isa = PBXBuildFile; fileRef = 3F5ABBBE2446AD8E0064AE6A /* AppDelegate.swift */; };
		3F5ABBC12446AD8E0064AE6A /* SceneDelegate.swift in Sources */ = {isa = PBXBuildFile; fileRef = 3F5ABBC02446AD8E0064AE6A /* SceneDelegate.swift */; };
		3F5ABBC32446AD8E0064AE6A /* ViewController.swift in Sources */ = {isa = PBXBuildFile; fileRef = 3F5ABBC22446AD8E0064AE6A /* ViewController.swift */; };
		3F5ABBC62446AD8E0064AE6A /* Main.storyboard in Resources */ = {isa = PBXBuildFile; fileRef = 3F5ABBC42446AD8E0064AE6A /* Main.storyboard */; };
		3F5ABBC82446AD8F0064AE6A /* Assets.xcassets in Resources */ = {isa = PBXBuildFile; fileRef = 3F5ABBC72446AD8F0064AE6A /* Assets.xcassets */; };
		3F5ABBCB2446AD8F0064AE6A /* LaunchScreen.storyboard in Resources */ = {isa = PBXBuildFile; fileRef = 3F5ABBC92446AD8F0064AE6A /* LaunchScreen.storyboard */; };
		3F5ABBD32446AECE0064AE6A /* Sign.swift in Sources */ = {isa = PBXBuildFile; fileRef = 3F5ABBD22446AECE0064AE6A /* Sign.swift */; };
		3F5ABBD52446B2F80064AE6A /* GameState.swift in Sources */ = {isa = PBXBuildFile; fileRef = 3F5ABBD42446B2F80064AE6A /* GameState.swift */; };
/* End PBXBuildFile section */

/* Begin PBXFileReference section */
		3F5ABBBB2446AD8E0064AE6A /* RPS.app */ = {isa = PBXFileReference; explicitFileType = wrapper.application; includeInIndex = 0; path = RPS.app; sourceTree = BUILT_PRODUCTS_DIR; };
		3F5ABBBE2446AD8E0064AE6A /* AppDelegate.swift */ = {isa = PBXFileReference; lastKnownFileType = sourcecode.swift; path = AppDelegate.swift; sourceTree = "<group>"; };
		3F5ABBC02446AD8E0064AE6A /* SceneDelegate.swift */ = {isa = PBXFileReference; lastKnownFileType = sourcecode.swift; path = SceneDelegate.swift; sourceTree = "<group>"; };
		3F5ABBC22446AD8E0064AE6A /* ViewController.swift */ = {isa = PBXFileReference; lastKnownFileType = sourcecode.swift; path = ViewController.swift; sourceTree = "<group>"; };
		3F5ABBC52446AD8E0064AE6A /* Base */ = {isa = PBXFileReference; lastKnownFileType = file.storyboard; name = Base; path = Base.lproj/Main.storyboard; sourceTree = "<group>"; };
		3F5ABBC72446AD8F0064AE6A /* Assets.xcassets */ = {isa = PBXFileReference; lastKnownFileType = folder.assetcatalog; path = Assets.xcassets; sourceTree = "<group>"; };
		3F5ABBCA2446AD8F0064AE6A /* Base */ = {isa = PBXFileReference; lastKnownFileType = file.storyboard; name = Base; path = Base.lproj/LaunchScreen.storyboard; sourceTree = "<group>"; };
		3F5ABBCC2446AD8F0064AE6A /* Info.plist */ = {isa = PBXFileReference; lastKnownFileType = text.plist.xml; path = Info.plist; sourceTree = "<group>"; };
		3F5ABBD22446AECE0064AE6A /* Sign.swift */ = {isa = PBXFileReference; lastKnownFileType = sourcecode.swift; path = Sign.swift; sourceTree = "<group>"; };
		3F5ABBD42446B2F80064AE6A /* GameState.swift */ = {isa = PBXFileReference; lastKnownFileType = sourcecode.swift; path = GameState.swift; sourceTree = "<group>"; };
/* End PBXFileReference section */

/* Begin PBXFrameworksBuildPhase section */
		3F5ABBB82446AD8E0064AE6A /* Frameworks */ = {
			isa = PBXFrameworksBuildPhase;
			buildActionMask = 2147483647;
			files = (
			);
			runOnlyForDeploymentPostprocessing = 0;
		};
/* End PBXFrameworksBuildPhase section */

/* Begin PBXGroup section */
		3F5ABBB22446AD8E0064AE6A = {
			isa = PBXGroup;
			children = (
				3F5ABBBD2446AD8E0064AE6A /* RPS */,
				3F5ABBBC2446AD8E0064AE6A /* Products */,
			);
			sourceTree = "<group>";
		};
		3F5ABBBC2446AD8E0064AE6A /* Products */ = {
			isa = PBXGroup;
			children = (
				3F5ABBBB2446AD8E0064AE6A /* RPS.app */,
			);
			name = Products;
			sourceTree = "<group>";
		};
		3F5ABBBD2446AD8E0064AE6A /* RPS */ = {
			isa = PBXGroup;
			children = (
				3F5ABBBE2446AD8E0064AE6A /* AppDelegate.swift */,
				3F5ABBC02446AD8E0064AE6A /* SceneDelegate.swift */,
				3F5ABBC22446AD8E0064AE6A /* ViewController.swift */,
				3F5ABBC42446AD8E0064AE6A /* Main.storyboard */,
				3F5ABBD22446AECE0064AE6A /* Sign.swift */,
				3F5ABBC72446AD8F0064AE6A /* Assets.xcassets */,
				3F5ABBC92446AD8F0064AE6A /* LaunchScreen.storyboard */,
				3F5ABBCC2446AD8F0064AE6A /* Info.plist */,
				3F5ABBD42446B2F80064AE6A /* GameState.swift */,
			);
			path = RPS;
			sourceTree = "<group>";
		};
/* End PBXGroup section */

/* Begin PBXNativeTarget section */
		3F5ABBBA2446AD8E0064AE6A /* RPS */ = {
			isa = PBXNativeTarget;
			buildConfigurationList = 3F5ABBCF2446AD8F0064AE6A /* Build configuration list for PBXNativeTarget "RPS" */;
			buildPhases = (
				3F5ABBB72446AD8E0064AE6A /* Sources */,
				3F5ABBB82446AD8E0064AE6A /* Frameworks */,
				3F5ABBB92446AD8E0064AE6A /* Resources */,
			);
			buildRules = (
			);
			dependencies = (
			);
			name = RPS;
			productName = RPS;
			productReference = 3F5ABBBB2446AD8E0064AE6A /* RPS.app */;
			productType = "com.apple.product-type.application";
		};
/* End PBXNativeTarget section */

/* Begin PBXProject section */
		3F5ABBB32446AD8E0064AE6A /* Project object */ = {
			isa = PBXProject;
			attributes = {
				LastSwiftUpdateCheck = 1140;
				LastUpgradeCheck = 1140;
				ORGANIZATIONNAME = "Apple Inc.";
				TargetAttributes = {
					3F5ABBBA2446AD8E0064AE6A = {
						CreatedOnToolsVersion = 11.4;
					};
				};
			};
			buildConfigurationList = 3F5ABBB62446AD8E0064AE6A /* Build configuration list for PBXProject "RPS" */;
			compatibilityVersion = "Xcode 9.3";
			developmentRegion = en;
			hasScannedForEncodings = 0;
			knownRegions = (
				en,
				Base,
			);
			mainGroup = 3F5ABBB22446AD8E0064AE6A;
			productRefGroup = 3F5ABBBC2446AD8E0064AE6A /* Products */;
			projectDirPath = "";
			projectRoot = "";
			targets = (
				3F5ABBBA2446AD8E0064AE6A /* RPS */,
			);
		};
/* End PBXProject section */

/* Begin PBXResourcesBuildPhase section */
		3F5ABBB92446AD8E0064AE6A /* Resources */ = {
			isa = PBXResourcesBuildPhase;
			buildActionMask = 2147483647;
			files = (
				3F5ABBCB2446AD8F0064AE6A /* LaunchScreen.storyboard in Resources */,
				3F5ABBC82446AD8F0064AE6A /* Assets.xcassets in Resources */,
				3F5ABBC62446AD8E0064AE6A /* Main.storyboard in Resources */,
			);
			runOnlyForDeploymentPostprocessing = 0;
		};
/* End PBXResourcesBuildPhase section */

/* Begin PBXSourcesBuildPhase section */
		3F5ABBB72446AD8E0064AE6A /* Sources */ = {
			isa = PBXSourcesBuildPhase;
			buildActionMask = 2147483647;
			files = (
				3F5ABBC32446AD8E0064AE6A /* ViewController.swift in Sources */,
				3F5ABBBF2446AD8E0064AE6A /* AppDelegate.swift in Sources */,
				3F5ABBD52446B2F80064AE6A /* GameState.swift in Sources */,
				3F5ABBD32446AECE0064AE6A /* Sign.swift in Sources */,
				3F5ABBC12446AD8E0064AE6A /* SceneDelegate.swift in Sources */,
			);
			runOnlyForDeploymentPostprocessing = 0;
		};
/* End PBXSourcesBuildPhase section */

/* Begin PBXVariantGroup section */
		3F5ABBC42446AD8E0064AE6A /* Main.storyboard */ = {
			isa = PBXVariantGroup;
			children = (
				3F5ABBC52446AD8E0064AE6A /* Base */,
			);
			name = Main.storyboard;
			sourceTree = "<group>";
		};
		3F5ABBC92446AD8F0064AE6A /* LaunchScreen.storyboard */ = {
			isa = PBXVariantGroup;
			children = (
				3F5ABBCA2446AD8F0064AE6A /* Base */,
			);
			name = LaunchScreen.storyboard;
			sourceTree = "<group>";
		};
/* End PBXVariantGroup section */

/* Begin XCBuildConfiguration section */
		3F5ABBCD2446AD8F0064AE6A /* Debug */ = {
			isa = XCBuildConfiguration;
			buildSettings = {
				ALWAYS_SEARCH_USER_PATHS = NO;
				CLANG_ANALYZER_NONNULL = YES;
				CLANG_ANALYZER_NUMBER_OBJECT_CONVERSION = YES_AGGRESSIVE;
				CLANG_CXX_LANGUAGE_STANDARD = "gnu++14";
				CLANG_CXX_LIBRARY = "libc++";
				CLANG_ENABLE_MODULES = YES;
				CLANG_ENABLE_OBJC_ARC = YES;
				CLANG_ENABLE_OBJC_WEAK = YES;
				CLANG_WARN_BLOCK_CAPTURE_AUTORELEASING = YES;
				CLANG_WARN_BOOL_CONVERSION = YES;
				CLANG_WARN_COMMA = YES;
				CLANG_WARN_CONSTANT_CONVERSION = YES;
				CLANG_WARN_DEPRECATED_OBJC_IMPLEMENTATIONS = YES;
				CLANG_WARN_DIRECT_OBJC_ISA_USAGE = YES_ERROR;
				CLANG_WARN_DOCUMENTATION_COMMENTS = YES;
				CLANG_WARN_EMPTY_BODY = YES;
				CLANG_WARN_ENUM_CONVERSION = YES;
				CLANG_WARN_INFINITE_RECURSION = YES;
				CLANG_WARN_INT_CONVERSION = YES;
				CLANG_WARN_NON_LITERAL_NULL_CONVERSION = YES;
				CLANG_WARN_OBJC_IMPLICIT_RETAIN_SELF = YES;
				CLANG_WARN_OBJC_LITERAL_CONVERSION = YES;
				CLANG_WARN_OBJC_ROOT_CLASS = YES_ERROR;
				CLANG_WARN_RANGE_LOOP_ANALYSIS = YES;
				CLANG_WARN_STRICT_PROTOTYPES = YES;
				CLANG_WARN_SUSPICIOUS_MOVE = YES;
				CLANG_WARN_UNGUARDED_AVAILABILITY = YES_AGGRESSIVE;
				CLANG_WARN_UNREACHABLE_CODE = YES;
				CLANG_WARN__DUPLICATE_METHOD_MATCH = YES;
				COPY_PHASE_STRIP = NO;
				DEBUG_INFORMATION_FORMAT = dwarf;
				ENABLE_STRICT_OBJC_MSGSEND = YES;
				ENABLE_TESTABILITY = YES;
				GCC_C_LANGUAGE_STANDARD = gnu11;
				GCC_DYNAMIC_NO_PIC = NO;
				GCC_NO_COMMON_BLOCKS = YES;
				GCC_OPTIMIZATION_LEVEL = 0;
				GCC_PREPROCESSOR_DEFINITIONS = (
					"DEBUG=1",
					"$(inherited)",
				);
				GCC_WARN_64_TO_32_BIT_CONVERSION = YES;
				GCC_WARN_ABOUT_RETURN_TYPE = YES_ERROR;
				GCC_WARN_UNDECLARED_SELECTOR = YES;
				GCC_WARN_UNINITIALIZED_AUTOS = YES_AGGRESSIVE;
				GCC_WARN_UNUSED_FUNCTION = YES;
				GCC_WARN_UNUSED_VARIABLE = YES;
				IPHONEOS_DEPLOYMENT_TARGET = 13.4;
				MTL_ENABLE_DEBUG_INFO = INCLUDE_SOURCE;
				MTL_FAST_MATH = YES;
				ONLY_ACTIVE_ARCH = YES;
				SDKROOT = iphoneos;
				SWIFT_ACTIVE_COMPILATION_CONDITIONS = DEBUG;
				SWIFT_OPTIMIZATION_LEVEL = "-Onone";
			};
			name = Debug;
		};
		3F5ABBCE2446AD8F0064AE6A /* Release */ = {
			isa = XCBuildConfiguration;
			buildSettings = {
				ALWAYS_SEARCH_USER_PATHS = NO;
				CLANG_ANALYZER_NONNULL = YES;
				CLANG_ANALYZER_NUMBER_OBJECT_CONVERSION = YES_AGGRESSIVE;
				CLANG_CXX_LANGUAGE_STANDARD = "gnu++14";
				CLANG_CXX_LIBRARY = "libc++";
				CLANG_ENABLE_MODULES = YES;
				CLANG_ENABLE_OBJC_ARC = YES;
				CLANG_ENABLE_OBJC_WEAK = YES;
				CLANG_WARN_BLOCK_CAPTURE_AUTORELEASING = YES;
				CLANG_WARN_BOOL_CONVERSION = YES;
				CLANG_WARN_COMMA = YES;
				CLANG_WARN_CONSTANT_CONVERSION = YES;
				CLANG_WARN_DEPRECATED_OBJC_IMPLEMENTATIONS = YES;
				CLANG_WARN_DIRECT_OBJC_ISA_USAGE = YES_ERROR;
				CLANG_WARN_DOCUMENTATION_COMMENTS = YES;
				CLANG_WARN_EMPTY_BODY = YES;
				CLANG_WARN_ENUM_CONVERSION = YES;
				CLANG_WARN_INFINITE_RECURSION = YES;
				CLANG_WARN_INT_CONVERSION = YES;
				CLANG_WARN_NON_LITERAL_NULL_CONVERSION = YES;
				CLANG_WARN_OBJC_IMPLICIT_RETAIN_SELF = YES;
				CLANG_WARN_OBJC_LITERAL_CONVERSION = YES;
				CLANG_WARN_OBJC_ROOT_CLASS = YES_ERROR;
				CLANG_WARN_RANGE_LOOP_ANALYSIS = YES;
				CLANG_WARN_STRICT_PROTOTYPES = YES;
				CLANG_WARN_SUSPICIOUS_MOVE = YES;
				CLANG_WARN_UNGUARDED_AVAILABILITY = YES_AGGRESSIVE;
				CLANG_WARN_UNREACHABLE_CODE = YES;
				CLANG_WARN__DUPLICATE_METHOD_MATCH = YES;
				COPY_PHASE_STRIP = NO;
				DEBUG_INFORMATION_FORMAT = "dwarf-with-dsym";
				ENABLE_NS_ASSERTIONS = NO;
				ENABLE_STRICT_OBJC_MSGSEND = YES;
				GCC_C_LANGUAGE_STANDARD = gnu11;
				GCC_NO_COMMON_BLOCKS = YES;
				GCC_WARN_64_TO_32_BIT_CONVERSION = YES;
				GCC_WARN_ABOUT_RETURN_TYPE = YES_ERROR;
				GCC_WARN_UNDECLARED_SELECTOR = YES;
				GCC_WARN_UNINITIALIZED_AUTOS = YES_AGGRESSIVE;
				GCC_WARN_UNUSED_FUNCTION = YES;
				GCC_WARN_UNUSED_VARIABLE = YES;
				IPHONEOS_DEPLOYMENT_TARGET = 13.4;
				MTL_ENABLE_DEBUG_INFO = NO;
				MTL_FAST_MATH = YES;
				SDKROOT = iphoneos;
				SWIFT_COMPILATION_MODE = wholemodule;
				SWIFT_OPTIMIZATION_LEVEL = "-O";
				VALIDATE_PRODUCT = YES;
			};
			name = Release;
		};
		3F5ABBD02446AD8F0064AE6A /* Debug */ = {
			isa = XCBuildConfiguration;
			buildSettings = {
				ASSETCATALOG_COMPILER_APPICON_NAME = AppIcon;
				CODE_SIGN_STYLE = Automatic;
				INFOPLIST_FILE = RPS/Info.plist;
				LD_RUNPATH_SEARCH_PATHS = (
					"$(inherited)",
					"@executable_path/Frameworks",
				);
				PRODUCT_BUNDLE_IDENTIFIER = "Apple-Inc..RPS";
				PRODUCT_NAME = "$(TARGET_NAME)";
				SWIFT_VERSION = 5.0;
				TARGETED_DEVICE_FAMILY = "1,2";
			};
			name = Debug;
		};
		3F5ABBD12446AD8F0064AE6A /* Release */ = {
			isa = XCBuildConfiguration;
			buildSettings = {
				ASSETCATALOG_COMPILER_APPICON_NAME = AppIcon;
				CODE_SIGN_STYLE = Automatic;
				INFOPLIST_FILE = RPS/Info.plist;
				LD_RUNPATH_SEARCH_PATHS = (
					"$(inherited)",
					"@executable_path/Frameworks",
				);
				PRODUCT_BUNDLE_IDENTIFIER = "Apple-Inc..RPS";
				PRODUCT_NAME = "$(TARGET_NAME)";
				SWIFT_VERSION = 5.0;
				TARGETED_DEVICE_FAMILY = "1,2";
			};
			name = Release;
		};
/* End XCBuildConfiguration section */

/* Begin XCConfigurationList section */
		3F5ABBB62446AD8E0064AE6A /* Build configuration list for PBXProject "RPS" */ = {
			isa = XCConfigurationList;
			buildConfigurations = (
				3F5ABBCD2446AD8F0064AE6A /* Debug */,
				3F5ABBCE2446AD8F0064AE6A /* Release */,
			);
			defaultConfigurationIsVisible = 0;
			defaultConfigurationName = Release;
		};
		3F5ABBCF2446AD8F0064AE6A /* Build configuration list for PBXNativeTarget "RPS" */ = {
			isa = XCConfigurationList;
			buildConfigurations = (
				3F5ABBD02446AD8F0064AE6A /* Debug */,
				3F5ABBD12446AD8F0064AE6A /* Release */,
			);
			defaultConfigurationIsVisible = 0;
			defaultConfigurationName = Release;
		};
/* End XCConfigurationList section */
	};
	rootObject = 3F5ABBB32446AD8E0064AE6A /* Project object */;
}
